
Microsoft Visual Studio Solution File, Format Version 12.00
# Visual Studio Version 17
VisualStudioVersion = 17.11.35312.102
MinimumVisualStudioVersion = 10.0.40219.1
Project("{FAE04EC0-301F-11D3-BF4B-00C04F79EFBC}") = "ConsoleApp", "ConsoleApp\ConsoleApp.csproj", "{19B59936-7B56-47DA-9F69-D108AA5F59E2}"
EndProject
Global
	GlobalSection(SolutionConfigurationPlatforms) = preSolution
		Debug|Any CPU = Debug|Any CPU
		Release|Any CPU = Release|Any CPU
	EndGlobalSection
	GlobalSection(ProjectConfigurationPlatforms) = postSolution
		{19B59936-7B56-47DA-9F69-D108AA5F59E2}.Debug|Any CPU.ActiveCfg = Debug|Any CPU
		{19B59936-7B56-47DA-9F69-D108AA5F59E2}.Debug|Any CPU.Build.0 = Debug|Any CPU
		{19B59936-7B56-47DA-9F69-D108AA5F59E2}.Release|Any CPU.ActiveCfg = Release|Any CPU
		{19B59936-7B56-47DA-9F69-D108AA5F59E2}.Release|Any CPU.Build.0 = Release|Any CPU
	EndGlobalSection
	GlobalSection(SolutionProperties) = preSolution
		HideSolutionNode = FALSE
	EndGlobalSection
	GlobalSection(ExtensibilityGlobals) = postSolution
		SolutionGuid = {8C74F559-82C8-405F-8680-4A861C849F49}
	EndGlobalSection
EndGlobal
